<?xml version="1.0" encoding="utf-8"?>
<Project ToolsVersion="4.0" xmlns="http://schemas.microsoft.com/developer/msbuild/2003">
  <ItemGroup>
    <Filter Include="src">
      <UniqueIdentifier>{2f7a195d-d755-4117-9c14-54fc15769a43}</UniqueIdentifier>
    </Filter>
  </ItemGroup>
  <ItemGroup>
    <ClCompile Include="src\glad.c">
      <Filter>src</Filter>
    </ClCompile>
    <ClCompile Include="src\main.cpp">
      <Filter>src</Filter>
    </ClCompile>
    <ClCompile Include="src\graphics\Shader.cpp">
      <Filter>src</Filter>
    </ClCompile>
    <ClCompile Include="src\io\Joystick.cpp">
      <Filter>src</Filter>
    </ClCompile>
    <ClCompile Include="src\io\Keyboard.cpp">
      <Filter>src</Filter>
    </ClCompile>
    <ClCompile Include="src\io\Mouse.cpp">
      <Filter>src</Filter>
    </ClCompile>
    <ClCompile Include="src\io\Camera.cpp" />
    <ClCompile Include="src\io\Screen.cpp" />
  </ItemGroup>
  <ItemGroup>
    <None Include="assets\object.vs" />
    <None Include="assets\object.fs" />
  </ItemGroup>
  <ItemGroup>
    <ClInclude Include="src\graphics\Shader.h">
      <Filter>src</Filter>
    </ClInclude>
    <ClInclude Include="src\io\Joystick.h">
      <Filter>src</Filter>
    </ClInclude>
    <ClInclude Include="src\io\Keyboard.h">
      <Filter>src</Filter>
    </ClInclude>
    <ClInclude Include="src\io\Mouse.h">
      <Filter>src</Filter>
    </ClInclude>
    <ClInclude Include="src\io\Camera.h" />
    <ClInclude Include="src\io\Screen.h" />
  </ItemGroup>
  <ItemGroup>
    <Image Include="assets\supra.jpg" />
    <Image Include="assets\Moon.jpg" />
  </ItemGroup>
</Project>